
Microsoft Visual Studio Solution File, Format Version 12.00
# Visual Studio Version 17
VisualStudioVersion = 17.0.31710.8
MinimumVisualStudioVersion = 10.0.40219.1
Project("{FAE04EC0-301F-11D3-BF4B-00C04F79EFBC}") = "AEOI.Editor.Web.Server", "AEOI.Editor.Web\Server\AEOI.Editor.Web.Server.csproj", "{73B19B85-6F7C-4FAD-B9AB-E17443B41490}"
EndProject
Project("{FAE04EC0-301F-11D3-BF4B-00C04F79EFBC}") = "AEOI.Editor.Web.Client", "AEOI.Editor.Web\Client\AEOI.Editor.Web.Client.csproj", "{1F0EED0D-0C2A-4A07-9848-39F91B284081}"
EndProject
Project("{FAE04EC0-301F-11D3-BF4B-00C04F79EFBC}") = "AEOI.Editor.Web.Shared", "AEOI.Editor.Web\Shared\AEOI.Editor.Web.Shared.csproj", "{5B8A6C7A-3C9F-4D40-A834-3A96C74ED1ED}"
EndProject
Global
	GlobalSection(SolutionConfigurationPlatforms) = preSolution
		Debug|Any CPU = Debug|Any CPU
		Release|Any CPU = Release|Any CPU
	EndGlobalSection
	GlobalSection(ProjectConfigurationPlatforms) = postSolution
		{73B19B85-6F7C-4FAD-B9AB-E17443B41490}.Debug|Any CPU.ActiveCfg = Debug|Any CPU
		{73B19B85-6F7C-4FAD-B9AB-E17443B41490}.Debug|Any CPU.Build.0 = Debug|Any CPU
		{73B19B85-6F7C-4FAD-B9AB-E17443B41490}.Release|Any CPU.ActiveCfg = Release|Any CPU
		{73B19B85-6F7C-4FAD-B9AB-E17443B41490}.Release|Any CPU.Build.0 = Release|Any CPU
		{1F0EED0D-0C2A-4A07-9848-39F91B284081}.Debug|Any CPU.ActiveCfg = Debug|Any CPU
		{1F0EED0D-0C2A-4A07-9848-39F91B284081}.Debug|Any CPU.Build.0 = Debug|Any CPU
		{1F0EED0D-0C2A-4A07-9848-39F91B284081}.Release|Any CPU.ActiveCfg = Release|Any CPU
		{1F0EED0D-0C2A-4A07-9848-39F91B284081}.Release|Any CPU.Build.0 = Release|Any CPU
		{5B8A6C7A-3C9F-4D40-A834-3A96C74ED1ED}.Debug|Any CPU.ActiveCfg = Debug|Any CPU
		{5B8A6C7A-3C9F-4D40-A834-3A96C74ED1ED}.Debug|Any CPU.Build.0 = Debug|Any CPU
		{5B8A6C7A-3C9F-4D40-A834-3A96C74ED1ED}.Release|Any CPU.ActiveCfg = Release|Any CPU
		{5B8A6C7A-3C9F-4D40-A834-3A96C74ED1ED}.Release|Any CPU.Build.0 = Release|Any CPU
	EndGlobalSection
	GlobalSection(SolutionProperties) = preSolution
		HideSolutionNode = FALSE
	EndGlobalSection
	GlobalSection(ExtensibilityGlobals) = postSolution
		SolutionGuid = {8CDE1770-5339-46DF-83D4-51AC92038CAC}
	EndGlobalSection
EndGlobal
